// !$*UTF8*$!
{
	archiveVersion = 1;
	classes = {
	};
	objectVersion = 77;
	objects = {

/* Begin PBXBuildFile section */
		070169F7CFC7C96432745E16 /* MeetingPillView.swift in Sources */ = {isa = PBXBuildFile; fileRef = E78982A7A76CA05C3EB71ABE /* MeetingPillView.swift */; };
		0C01FC2FFCC37AF1B2A160EB /* MeetingRecorder.swift in Sources */ = {isa = PBXBuildFile; fileRef = 546E703E0F803FFACC8456F1 /* MeetingRecorder.swift */; };
		12142699C3AB7EDE92148355 /* DejaRecorder.swift in Sources */ = {isa = PBXBuildFile; fileRef = 4EB157B404F53D33F9512646 /* DejaRecorder.swift */; };
		222D3A7333DB15AC31B0D93D /* ScreenCaptureKit.framework in Frameworks */ = {isa = PBXBuildFile; fileRef = EFF72E223E893D4D84DE66CD /* ScreenCaptureKit.framework */; };
		25F5D3FB4B46BDDDF0B85911 /* SetupPanelView.swift in Sources */ = {isa = PBXBuildFile; fileRef = E156BFF7025A36E0009125B6 /* SetupPanelView.swift */; };
		26EF2D41EF33FF9682E58319 /* ChatView.swift in Sources */ = {isa = PBXBuildFile; fileRef = 3024499F04CAB34515366957 /* ChatView.swift */; };
		2BB909BD53EAFA57BE316649 /* AppDelegate.swift in Sources */ = {isa = PBXBuildFile; fileRef = 78A8FC28E10F34A2E91C7923 /* AppDelegate.swift */; };
		30EBCF81C0F2B19A20A82E7C /* Sparkle in Frameworks */ = {isa = PBXBuildFile; productRef = 6EE364908535709A817F0EBF /* Sparkle */; };
		32DEBC6FCAE27D0A5887E829 /* CoreMedia.framework in Frameworks */ = {isa = PBXBuildFile; fileRef = 511117673C0D6E68362ACC2F /* CoreMedia.framework */; };
		395E477F2677E05026F78505 /* AudioLevelMonitor.swift in Sources */ = {isa = PBXBuildFile; fileRef = D53627C343AD928AAA34E847 /* AudioLevelMonitor.swift */; };
		41A94BA85426F5525FBCDC9E /* BackendProcessManager.swift in Sources */ = {isa = PBXBuildFile; fileRef = 8ACEA8F312916A3DB10B6583 /* BackendProcessManager.swift */; };
		479BBE1791DB6EBFC865AEE8 /* VoicePillView.swift in Sources */ = {isa = PBXBuildFile; fileRef = 63E38726CE176A2832663B80 /* VoicePillView.swift */; };
		4932CD8F57C136EC18EBD81A /* ImageIO.framework in Frameworks */ = {isa = PBXBuildFile; fileRef = 5FBB5CB7483B90FD0ADB9A4A /* ImageIO.framework */; };
		4A3956D1DCC05A9AC3623D12 /* ScreenCaptureKit.framework in Frameworks */ = {isa = PBXBuildFile; fileRef = EFF72E223E893D4D84DE66CD /* ScreenCaptureKit.framework */; };
		5878450BBB6A4FCF7D791AFC /* DejaApp.swift in Sources */ = {isa = PBXBuildFile; fileRef = BC62B6B690ED57D0403A32A3 /* DejaApp.swift */; };
		5FBCDF4D4459E775639BE862 /* ActivityView.swift in Sources */ = {isa = PBXBuildFile; fileRef = D0728911E37A1E45580AEBFB /* ActivityView.swift */; };
		62A958FF0371CBDBFFD3919C /* Foundation.framework in Frameworks */ = {isa = PBXBuildFile; fileRef = BCC51732D86F475138598563 /* Foundation.framework */; };
		6A45A1CEF7C8496C3088E347 /* Foundation.framework in Frameworks */ = {isa = PBXBuildFile; fileRef = BCC51732D86F475138598563 /* Foundation.framework */; };
		721E485344FC645BA7C04B43 /* AppIcon.icns in Resources */ = {isa = PBXBuildFile; fileRef = F16A3FDFD508206B3D67DFE3 /* AppIcon.icns */; };
		7530B2F920F0FFCF1E2D3AA1 /* PopoverContentView.swift in Sources */ = {isa = PBXBuildFile; fileRef = 18CDCF2320DFBB2102143A62 /* PopoverContentView.swift */; };
		7C47A76DB22E37B757401576 /* CoreGraphics.framework in Frameworks */ = {isa = PBXBuildFile; fileRef = FF7DDEFB774D920864C65017 /* CoreGraphics.framework */; };
		85D7F542B5AA0DA671A30BAB /* KeystrokeMonitor.swift in Sources */ = {isa = PBXBuildFile; fileRef = 932FEC9780873CEA3EF0CCDA /* KeystrokeMonitor.swift */; };
		94559C662FE0F6196D5528E7 /* Utilities.swift in Sources */ = {isa = PBXBuildFile; fileRef = 577197DA62750145A9E65676 /* Utilities.swift */; };
		A3419BAB5DF619CFC302DDB9 /* SettingsView.swift in Sources */ = {isa = PBXBuildFile; fileRef = DEBD0855AD78D7C16A60FE1D /* SettingsView.swift */; };
		AF2024A02B1E811E745245BB /* DatabaseReader.swift in Sources */ = {isa = PBXBuildFile; fileRef = 30A978138C56BCDD8744D302 /* DatabaseReader.swift */; };
		B159333D857730B8493EB6E9 /* MeetingCoordinator.swift in Sources */ = {isa = PBXBuildFile; fileRef = 129900B011818660B477E1AA /* MeetingCoordinator.swift */; };
		B8128765737EF8AE5BE141EE /* SetupManager.swift in Sources */ = {isa = PBXBuildFile; fileRef = 651D730D288689BC54939D75 /* SetupManager.swift */; };
		BBEF67D44A7438C7C9F527AE /* HotkeyManager.swift in Sources */ = {isa = PBXBuildFile; fileRef = 944177DAA03864CD41A829C7 /* HotkeyManager.swift */; };
		BC654C23332F7A07702D26E6 /* AppKit.framework in Frameworks */ = {isa = PBXBuildFile; fileRef = 876F7AA11CEC762975464D2F /* AppKit.framework */; };
		BD60699959C55904B448FFD0 /* SetupPanelWindow.swift in Sources */ = {isa = PBXBuildFile; fileRef = 271A14CAA2FA0EB2E1587002 /* SetupPanelWindow.swift */; };
		C21BEA9674BCB5B70046B6C6 /* NotificationBubbleView.swift in Sources */ = {isa = PBXBuildFile; fileRef = 80E5DE1FB0E45B028FF313F4 /* NotificationBubbleView.swift */; };
		D029A72970BEE1DA98ECF8B3 /* SwiftUI.framework in Frameworks */ = {isa = PBXBuildFile; fileRef = 226E8F65EA938B8663F5957F /* SwiftUI.framework */; };
		D04A2CA44B55BAF02C462405 /* VoicePillWindow.swift in Sources */ = {isa = PBXBuildFile; fileRef = 288F28AA7634EFC49D2A4FBB /* VoicePillWindow.swift */; };
		D7010FC9AB7B7615FF6A22DD /* libsqlite3.tbd in Frameworks */ = {isa = PBXBuildFile; fileRef = 0F1C502F9FCA44E27F8C29E8 /* libsqlite3.tbd */; };
		D733A004A5C7859EDF9CEB9A /* AVFoundation.framework in Frameworks */ = {isa = PBXBuildFile; fileRef = 0FDFEE7E2F0C96284BD047D2 /* AVFoundation.framework */; };
		DB908483384C0A65398DF3CA /* client_secret.json in Resources */ = {isa = PBXBuildFile; fileRef = 92314037C78AB4CCDD214FC1 /* client_secret.json */; };
		DF4C925C08946DBA9AB33171 /* tray-icon.png in Resources */ = {isa = PBXBuildFile; fileRef = C28EE339AA283B98EF4D7949 /* tray-icon.png */; };
		E30B302F8BC897491D9B78F0 /* ServiceManagement.framework in Frameworks */ = {isa = PBXBuildFile; fileRef = A2EB423F071542766FE3CFF1 /* ServiceManagement.framework */; };
		ECD9847C91199C7871F64AFF /* Models.swift in Sources */ = {isa = PBXBuildFile; fileRef = A4706308135587855A7DE9E3 /* Models.swift */; };
		F5D1F9EDFD861854AD0E9D85 /* MonitorState.swift in Sources */ = {isa = PBXBuildFile; fileRef = 53B9C764CDEDAB4DC7902FAE /* MonitorState.swift */; };
		FB5C037D3F22DBFC04E86FD2 /* DejaRecorder in Embed Dependencies */ = {isa = PBXBuildFile; fileRef = 41C7170F3A82EC0FDD65B613 /* DejaRecorder */; settings = {ATTRIBUTES = (RemoveHeadersOnCopy, ); }; };
		FF70DF7C8F24D722987CF40A /* AVFoundation.framework in Frameworks */ = {isa = PBXBuildFile; fileRef = 0FDFEE7E2F0C96284BD047D2 /* AVFoundation.framework */; };
/* End PBXBuildFile section */

/* Begin PBXContainerItemProxy section */
		A7ED408F4E93E70767C41D61 /* PBXContainerItemProxy */ = {
			isa = PBXContainerItemProxy;
			containerPortal = 86140A3D25A756123167315D /* Project object */;
			proxyType = 1;
			remoteGlobalIDString = 5BDBEE461C59973503B6306C;
			remoteInfo = DejaRecorder;
		};
/* End PBXContainerItemProxy section */

/* Begin PBXCopyFilesBuildPhase section */
		32010ADD6593D50631FA03E1 /* Embed Dependencies */ = {
			isa = PBXCopyFilesBuildPhase;
			buildActionMask = 2147483647;
			dstPath = "";
			dstSubfolderSpec = 6;
			files = (
				FB5C037D3F22DBFC04E86FD2 /* DejaRecorder in Embed Dependencies */,
			);
			name = "Embed Dependencies";
			runOnlyForDeploymentPostprocessing = 0;
		};
/* End PBXCopyFilesBuildPhase section */

/* Begin PBXFileReference section */
		0F1C502F9FCA44E27F8C29E8 /* libsqlite3.tbd */ = {isa = PBXFileReference; lastKnownFileType = "sourcecode.text-based-dylib-definition"; name = libsqlite3.tbd; path = usr/lib/libsqlite3.tbd; sourceTree = SDKROOT; };
		0FDFEE7E2F0C96284BD047D2 /* AVFoundation.framework */ = {isa = PBXFileReference; lastKnownFileType = wrapper.framework; name = AVFoundation.framework; path = System/Library/Frameworks/AVFoundation.framework; sourceTree = SDKROOT; };
		129900B011818660B477E1AA /* MeetingCoordinator.swift */ = {isa = PBXFileReference; lastKnownFileType = sourcecode.swift; path = MeetingCoordinator.swift; sourceTree = "<group>"; };
		18CDCF2320DFBB2102143A62 /* PopoverContentView.swift */ = {isa = PBXFileReference; lastKnownFileType = sourcecode.swift; path = PopoverContentView.swift; sourceTree = "<group>"; };
		226E8F65EA938B8663F5957F /* SwiftUI.framework */ = {isa = PBXFileReference; lastKnownFileType = wrapper.framework; name = SwiftUI.framework; path = System/Library/Frameworks/SwiftUI.framework; sourceTree = SDKROOT; };
		271A14CAA2FA0EB2E1587002 /* SetupPanelWindow.swift */ = {isa = PBXFileReference; lastKnownFileType = sourcecode.swift; path = SetupPanelWindow.swift; sourceTree = "<group>"; };
		288F28AA7634EFC49D2A4FBB /* VoicePillWindow.swift */ = {isa = PBXFileReference; lastKnownFileType = sourcecode.swift; path = VoicePillWindow.swift; sourceTree = "<group>"; };
		3024499F04CAB34515366957 /* ChatView.swift */ = {isa = PBXFileReference; lastKnownFileType = sourcecode.swift; path = ChatView.swift; sourceTree = "<group>"; };
		30A978138C56BCDD8744D302 /* DatabaseReader.swift */ = {isa = PBXFileReference; lastKnownFileType = sourcecode.swift; path = DatabaseReader.swift; sourceTree = "<group>"; };
		41C7170F3A82EC0FDD65B613 /* DejaRecorder */ = {isa = PBXFileReference; includeInIndex = 0; path = DejaRecorder; sourceTree = BUILT_PRODUCTS_DIR; };
		4EB157B404F53D33F9512646 /* DejaRecorder.swift */ = {isa = PBXFileReference; lastKnownFileType = sourcecode.swift; path = DejaRecorder.swift; sourceTree = "<group>"; };
		511117673C0D6E68362ACC2F /* CoreMedia.framework */ = {isa = PBXFileReference; lastKnownFileType = wrapper.framework; name = CoreMedia.framework; path = System/Library/Frameworks/CoreMedia.framework; sourceTree = SDKROOT; };
		53B9C764CDEDAB4DC7902FAE /* MonitorState.swift */ = {isa = PBXFileReference; lastKnownFileType = sourcecode.swift; path = MonitorState.swift; sourceTree = "<group>"; };
		546E703E0F803FFACC8456F1 /* MeetingRecorder.swift */ = {isa = PBXFileReference; lastKnownFileType = sourcecode.swift; path = MeetingRecorder.swift; sourceTree = "<group>"; };
		577197DA62750145A9E65676 /* Utilities.swift */ = {isa = PBXFileReference; lastKnownFileType = sourcecode.swift; path = Utilities.swift; sourceTree = "<group>"; };
		5FBB5CB7483B90FD0ADB9A4A /* ImageIO.framework */ = {isa = PBXFileReference; lastKnownFileType = wrapper.framework; name = ImageIO.framework; path = System/Library/Frameworks/ImageIO.framework; sourceTree = SDKROOT; };
		63E38726CE176A2832663B80 /* VoicePillView.swift */ = {isa = PBXFileReference; lastKnownFileType = sourcecode.swift; path = VoicePillView.swift; sourceTree = "<group>"; };
		651D730D288689BC54939D75 /* SetupManager.swift */ = {isa = PBXFileReference; lastKnownFileType = sourcecode.swift; path = SetupManager.swift; sourceTree = "<group>"; };
		6657279FEB277AA5D969A150 /* Deja.app */ = {isa = PBXFileReference; explicitFileType = wrapper.application; includeInIndex = 0; path = Deja.app; sourceTree = BUILT_PRODUCTS_DIR; };
		78A8FC28E10F34A2E91C7923 /* AppDelegate.swift */ = {isa = PBXFileReference; lastKnownFileType = sourcecode.swift; path = AppDelegate.swift; sourceTree = "<group>"; };
		80E5DE1FB0E45B028FF313F4 /* NotificationBubbleView.swift */ = {isa = PBXFileReference; lastKnownFileType = sourcecode.swift; path = NotificationBubbleView.swift; sourceTree = "<group>"; };
		876F7AA11CEC762975464D2F /* AppKit.framework */ = {isa = PBXFileReference; lastKnownFileType = wrapper.framework; name = AppKit.framework; path = System/Library/Frameworks/AppKit.framework; sourceTree = SDKROOT; };
		8ACEA8F312916A3DB10B6583 /* BackendProcessManager.swift */ = {isa = PBXFileReference; lastKnownFileType = sourcecode.swift; path = BackendProcessManager.swift; sourceTree = "<group>"; };
		92314037C78AB4CCDD214FC1 /* client_secret.json */ = {isa = PBXFileReference; lastKnownFileType = text.json; path = client_secret.json; sourceTree = "<group>"; };
		932FEC9780873CEA3EF0CCDA /* KeystrokeMonitor.swift */ = {isa = PBXFileReference; lastKnownFileType = sourcecode.swift; path = KeystrokeMonitor.swift; sourceTree = "<group>"; };
		944177DAA03864CD41A829C7 /* HotkeyManager.swift */ = {isa = PBXFileReference; lastKnownFileType = sourcecode.swift; path = HotkeyManager.swift; sourceTree = "<group>"; };
		A2EB423F071542766FE3CFF1 /* ServiceManagement.framework */ = {isa = PBXFileReference; lastKnownFileType = wrapper.framework; name = ServiceManagement.framework; path = System/Library/Frameworks/ServiceManagement.framework; sourceTree = SDKROOT; };
		A4706308135587855A7DE9E3 /* Models.swift */ = {isa = PBXFileReference; lastKnownFileType = sourcecode.swift; path = Models.swift; sourceTree = "<group>"; };
		BC62B6B690ED57D0403A32A3 /* DejaApp.swift */ = {isa = PBXFileReference; lastKnownFileType = sourcecode.swift; path = DejaApp.swift; sourceTree = "<group>"; };
		BCC51732D86F475138598563 /* Foundation.framework */ = {isa = PBXFileReference; lastKnownFileType = wrapper.framework; name = Foundation.framework; path = System/Library/Frameworks/Foundation.framework; sourceTree = SDKROOT; };
		C28EE339AA283B98EF4D7949 /* tray-icon.png */ = {isa = PBXFileReference; lastKnownFileType = image.png; path = "tray-icon.png"; sourceTree = "<group>"; };
		D0728911E37A1E45580AEBFB /* ActivityView.swift */ = {isa = PBXFileReference; lastKnownFileType = sourcecode.swift; path = ActivityView.swift; sourceTree = "<group>"; };
		D53627C343AD928AAA34E847 /* AudioLevelMonitor.swift */ = {isa = PBXFileReference; lastKnownFileType = sourcecode.swift; path = AudioLevelMonitor.swift; sourceTree = "<group>"; };
		DEBD0855AD78D7C16A60FE1D /* SettingsView.swift */ = {isa = PBXFileReference; lastKnownFileType = sourcecode.swift; path = SettingsView.swift; sourceTree = "<group>"; };
		E156BFF7025A36E0009125B6 /* SetupPanelView.swift */ = {isa = PBXFileReference; lastKnownFileType = sourcecode.swift; path = SetupPanelView.swift; sourceTree = "<group>"; };
		E78982A7A76CA05C3EB71ABE /* MeetingPillView.swift */ = {isa = PBXFileReference; lastKnownFileType = sourcecode.swift; path = MeetingPillView.swift; sourceTree = "<group>"; };
		EFF72E223E893D4D84DE66CD /* ScreenCaptureKit.framework */ = {isa = PBXFileReference; lastKnownFileType = wrapper.framework; name = ScreenCaptureKit.framework; path = System/Library/Frameworks/ScreenCaptureKit.framework; sourceTree = SDKROOT; };
		F16A3FDFD508206B3D67DFE3 /* AppIcon.icns */ = {isa = PBXFileReference; lastKnownFileType = image.icns; path = AppIcon.icns; sourceTree = "<group>"; };
		FF7DDEFB774D920864C65017 /* CoreGraphics.framework */ = {isa = PBXFileReference; lastKnownFileType = wrapper.framework; name = CoreGraphics.framework; path = System/Library/Frameworks/CoreGraphics.framework; sourceTree = SDKROOT; };
/* End PBXFileReference section */

/* Begin PBXFrameworksBuildPhase section */
		B2CAF0C3F23EA7E58DFBBE52 /* Frameworks */ = {
			isa = PBXFrameworksBuildPhase;
			buildActionMask = 2147483647;
			files = (
				6A45A1CEF7C8496C3088E347 /* Foundation.framework in Frameworks */,
				222D3A7333DB15AC31B0D93D /* ScreenCaptureKit.framework in Frameworks */,
				FF70DF7C8F24D722987CF40A /* AVFoundation.framework in Frameworks */,
				32DEBC6FCAE27D0A5887E829 /* CoreMedia.framework in Frameworks */,
			);
			runOnlyForDeploymentPostprocessing = 0;
		};
		C2A964F76C3412C286F8577A /* Frameworks */ = {
			isa = PBXFrameworksBuildPhase;
			buildActionMask = 2147483647;
			files = (
				30EBCF81C0F2B19A20A82E7C /* Sparkle in Frameworks */,
				BC654C23332F7A07702D26E6 /* AppKit.framework in Frameworks */,
				62A958FF0371CBDBFFD3919C /* Foundation.framework in Frameworks */,
				D029A72970BEE1DA98ECF8B3 /* SwiftUI.framework in Frameworks */,
				7C47A76DB22E37B757401576 /* CoreGraphics.framework in Frameworks */,
				4932CD8F57C136EC18EBD81A /* ImageIO.framework in Frameworks */,
				4A3956D1DCC05A9AC3623D12 /* ScreenCaptureKit.framework in Frameworks */,
				E30B302F8BC897491D9B78F0 /* ServiceManagement.framework in Frameworks */,
				D733A004A5C7859EDF9CEB9A /* AVFoundation.framework in Frameworks */,
				D7010FC9AB7B7615FF6A22DD /* libsqlite3.tbd in Frameworks */,
			);
			runOnlyForDeploymentPostprocessing = 0;
		};
/* End PBXFrameworksBuildPhase section */

/* Begin PBXGroup section */
		25B1CC28E3DE5EE3BB432AF7 /* Products */ = {
			isa = PBXGroup;
			children = (
				6657279FEB277AA5D969A150 /* Deja.app */,
				41C7170F3A82EC0FDD65B613 /* DejaRecorder */,
			);
			name = Products;
			sourceTree = "<group>";
		};
		3207EBDF08E9149560CD22FC /* Helpers */ = {
			isa = PBXGroup;
			children = (
				A4706308135587855A7DE9E3 /* Models.swift */,
				577197DA62750145A9E65676 /* Utilities.swift */,
			);
			path = Helpers;
			sourceTree = "<group>";
		};
		37EB9CF707E72997179E84E8 /* App */ = {
			isa = PBXGroup;
			children = (
				78A8FC28E10F34A2E91C7923 /* AppDelegate.swift */,
				BC62B6B690ED57D0403A32A3 /* DejaApp.swift */,
			);
			path = App;
			sourceTree = "<group>";
		};
		38F8F853E2E63E9952B60C27 /* menubar */ = {
			isa = PBXGroup;
			children = (
				4EB157B404F53D33F9512646 /* DejaRecorder.swift */,
			);
			path = menubar;
			sourceTree = "<group>";
		};
		4D5B49957BA5A738950B4802 /* Frameworks */ = {
			isa = PBXGroup;
			children = (
				876F7AA11CEC762975464D2F /* AppKit.framework */,
				0FDFEE7E2F0C96284BD047D2 /* AVFoundation.framework */,
				FF7DDEFB774D920864C65017 /* CoreGraphics.framework */,
				511117673C0D6E68362ACC2F /* CoreMedia.framework */,
				BCC51732D86F475138598563 /* Foundation.framework */,
				5FBB5CB7483B90FD0ADB9A4A /* ImageIO.framework */,
				0F1C502F9FCA44E27F8C29E8 /* libsqlite3.tbd */,
				EFF72E223E893D4D84DE66CD /* ScreenCaptureKit.framework */,
				A2EB423F071542766FE3CFF1 /* ServiceManagement.framework */,
				226E8F65EA938B8663F5957F /* SwiftUI.framework */,
			);
			name = Frameworks;
			sourceTree = "<group>";
		};
		6A7CCF842A68557F1E4AF19D /* Sources */ = {
			isa = PBXGroup;
			children = (
				37EB9CF707E72997179E84E8 /* App */,
				3207EBDF08E9149560CD22FC /* Helpers */,
				8CBDAE53684B385B522E7DE1 /* Services */,
				D5A78A5E20FF14E681A48B28 /* Views */,
			);
			name = Sources;
			path = menubar/Sources;
			sourceTree = "<group>";
		};
		8CBDAE53684B385B522E7DE1 /* Services */ = {
			isa = PBXGroup;
			children = (
				D53627C343AD928AAA34E847 /* AudioLevelMonitor.swift */,
				8ACEA8F312916A3DB10B6583 /* BackendProcessManager.swift */,
				30A978138C56BCDD8744D302 /* DatabaseReader.swift */,
				944177DAA03864CD41A829C7 /* HotkeyManager.swift */,
				932FEC9780873CEA3EF0CCDA /* KeystrokeMonitor.swift */,
				129900B011818660B477E1AA /* MeetingCoordinator.swift */,
				546E703E0F803FFACC8456F1 /* MeetingRecorder.swift */,
				53B9C764CDEDAB4DC7902FAE /* MonitorState.swift */,
				651D730D288689BC54939D75 /* SetupManager.swift */,
			);
			path = Services;
			sourceTree = "<group>";
		};
		D5A78A5E20FF14E681A48B28 /* Views */ = {
			isa = PBXGroup;
			children = (
				D0728911E37A1E45580AEBFB /* ActivityView.swift */,
				3024499F04CAB34515366957 /* ChatView.swift */,
				E78982A7A76CA05C3EB71ABE /* MeetingPillView.swift */,
				80E5DE1FB0E45B028FF313F4 /* NotificationBubbleView.swift */,
				18CDCF2320DFBB2102143A62 /* PopoverContentView.swift */,
				DEBD0855AD78D7C16A60FE1D /* SettingsView.swift */,
				E156BFF7025A36E0009125B6 /* SetupPanelView.swift */,
				271A14CAA2FA0EB2E1587002 /* SetupPanelWindow.swift */,
				63E38726CE176A2832663B80 /* VoicePillView.swift */,
				288F28AA7634EFC49D2A4FBB /* VoicePillWindow.swift */,
			);
			path = Views;
			sourceTree = "<group>";
		};
		EA1B51C0C7B7CE2CA8C0600E = {
			isa = PBXGroup;
			children = (
				38F8F853E2E63E9952B60C27 /* menubar */,
				FB7FD580443B54B07973C568 /* Resources */,
				6A7CCF842A68557F1E4AF19D /* Sources */,
				4D5B49957BA5A738950B4802 /* Frameworks */,
				25B1CC28E3DE5EE3BB432AF7 /* Products */,
			);
			sourceTree = "<group>";
		};
		FB7FD580443B54B07973C568 /* Resources */ = {
			isa = PBXGroup;
			children = (
				F16A3FDFD508206B3D67DFE3 /* AppIcon.icns */,
				92314037C78AB4CCDD214FC1 /* client_secret.json */,
				C28EE339AA283B98EF4D7949 /* tray-icon.png */,
			);
			path = Resources;
			sourceTree = "<group>";
		};
/* End PBXGroup section */

/* Begin PBXNativeTarget section */
		5BDBEE461C59973503B6306C /* DejaRecorder */ = {
			isa = PBXNativeTarget;
			buildConfigurationList = 2329076E0A616B92CCDEB3D1 /* Build configuration list for PBXNativeTarget "DejaRecorder" */;
			buildPhases = (
				B94FBD26603A83CC8B8EA58C /* Sources */,
				B2CAF0C3F23EA7E58DFBBE52 /* Frameworks */,
			);
			buildRules = (
			);
			dependencies = (
			);
			name = DejaRecorder;
			packageProductDependencies = (
			);
			productName = DejaRecorder;
			productReference = 41C7170F3A82EC0FDD65B613 /* DejaRecorder */;
			productType = "com.apple.product-type.tool";
		};
		A6465F802D016E5C358DEC84 /* Deja */ = {
			isa = PBXNativeTarget;
			buildConfigurationList = CB6448DDED5BB945AC5797E7 /* Build configuration list for PBXNativeTarget "Deja" */;
			buildPhases = (
				D70CC9BD1810B5E3E88A3F33 /* Sources */,
				F182310C398F2441D62342A1 /* Resources */,
				C2A964F76C3412C286F8577A /* Frameworks */,
				32010ADD6593D50631FA03E1 /* Embed Dependencies */,
				79DFC0884777AD1D2E2E1DF6 /* Bundle Python Environment */,
			);
			buildRules = (
			);
			dependencies = (
				D068078457DB232B55E2AB55 /* PBXTargetDependency */,
			);
			name = Deja;
			packageProductDependencies = (
				6EE364908535709A817F0EBF /* Sparkle */,
			);
			productName = Deja;
			productReference = 6657279FEB277AA5D969A150 /* Deja.app */;
			productType = "com.apple.product-type.application";
		};
/* End PBXNativeTarget section */

/* Begin PBXProject section */
		86140A3D25A756123167315D /* Project object */ = {
			isa = PBXProject;
			attributes = {
				BuildIndependentTargetsInParallel = YES;
				LastUpgradeCheck = 1500;
				TargetAttributes = {
					5BDBEE461C59973503B6306C = {
						ProvisioningStyle = Manual;
					};
					A6465F802D016E5C358DEC84 = {
						ProvisioningStyle = Manual;
					};
				};
			};
			buildConfigurationList = 263E627C99A81DDFECD1593D /* Build configuration list for PBXProject "Deja" */;
			developmentRegion = en;
			hasScannedForEncodings = 0;
			knownRegions = (
				Base,
				en,
			);
			mainGroup = EA1B51C0C7B7CE2CA8C0600E;
			minimizedProjectReferenceProxies = 1;
			packageReferences = (
				C9A9CCA21D6433264DCC3BDF /* XCRemoteSwiftPackageReference "Sparkle" */,
			);
			preferredProjectObjectVersion = 77;
			productRefGroup = 25B1CC28E3DE5EE3BB432AF7 /* Products */;
			projectDirPath = "";
			projectRoot = "";
			targets = (
				A6465F802D016E5C358DEC84 /* Deja */,
				5BDBEE461C59973503B6306C /* DejaRecorder */,
			);
		};
/* End PBXProject section */

/* Begin PBXResourcesBuildPhase section */
		F182310C398F2441D62342A1 /* Resources */ = {
			isa = PBXResourcesBuildPhase;
			buildActionMask = 2147483647;
			files = (
				721E485344FC645BA7C04B43 /* AppIcon.icns in Resources */,
				DB908483384C0A65398DF3CA /* client_secret.json in Resources */,
				DF4C925C08946DBA9AB33171 /* tray-icon.png in Resources */,
			);
			runOnlyForDeploymentPostprocessing = 0;
		};
/* End PBXResourcesBuildPhase section */

/* Begin PBXShellScriptBuildPhase section */
		79DFC0884777AD1D2E2E1DF6 /* Bundle Python Environment */ = {
			isa = PBXShellScriptBuildPhase;
			alwaysOutOfDate = 1;
			buildActionMask = 2147483647;
			files = (
			);
			inputFileListPaths = (
			);
			inputPaths = (
			);
			name = "Bundle Python Environment";
			outputFileListPaths = (
			);
			outputPaths = (
			);
			runOnlyForDeploymentPostprocessing = 0;
			shellPath = /bin/sh;
			shellScript = "cd \"${PROJECT_DIR}\"\nif [ -f \"menubar/bundle-python.sh\" ]; then\n  bash menubar/bundle-python.sh\nfi\n";
		};
/* End PBXShellScriptBuildPhase section */

/* Begin PBXSourcesBuildPhase section */
		B94FBD26603A83CC8B8EA58C /* Sources */ = {
			isa = PBXSourcesBuildPhase;
			buildActionMask = 2147483647;
			files = (
				12142699C3AB7EDE92148355 /* DejaRecorder.swift in Sources */,
			);
			runOnlyForDeploymentPostprocessing = 0;
		};
		D70CC9BD1810B5E3E88A3F33 /* Sources */ = {
			isa = PBXSourcesBuildPhase;
			buildActionMask = 2147483647;
			files = (
				5FBCDF4D4459E775639BE862 /* ActivityView.swift in Sources */,
				2BB909BD53EAFA57BE316649 /* AppDelegate.swift in Sources */,
				395E477F2677E05026F78505 /* AudioLevelMonitor.swift in Sources */,
				41A94BA85426F5525FBCDC9E /* BackendProcessManager.swift in Sources */,
				26EF2D41EF33FF9682E58319 /* ChatView.swift in Sources */,
				AF2024A02B1E811E745245BB /* DatabaseReader.swift in Sources */,
				5878450BBB6A4FCF7D791AFC /* DejaApp.swift in Sources */,
				BBEF67D44A7438C7C9F527AE /* HotkeyManager.swift in Sources */,
				85D7F542B5AA0DA671A30BAB /* KeystrokeMonitor.swift in Sources */,
				B159333D857730B8493EB6E9 /* MeetingCoordinator.swift in Sources */,
				070169F7CFC7C96432745E16 /* MeetingPillView.swift in Sources */,
				0C01FC2FFCC37AF1B2A160EB /* MeetingRecorder.swift in Sources */,
				ECD9847C91199C7871F64AFF /* Models.swift in Sources */,
				F5D1F9EDFD861854AD0E9D85 /* MonitorState.swift in Sources */,
				C21BEA9674BCB5B70046B6C6 /* NotificationBubbleView.swift in Sources */,
				7530B2F920F0FFCF1E2D3AA1 /* PopoverContentView.swift in Sources */,
				A3419BAB5DF619CFC302DDB9 /* SettingsView.swift in Sources */,
				B8128765737EF8AE5BE141EE /* SetupManager.swift in Sources */,
				25F5D3FB4B46BDDDF0B85911 /* SetupPanelView.swift in Sources */,
				BD60699959C55904B448FFD0 /* SetupPanelWindow.swift in Sources */,
				94559C662FE0F6196D5528E7 /* Utilities.swift in Sources */,
				479BBE1791DB6EBFC865AEE8 /* VoicePillView.swift in Sources */,
				D04A2CA44B55BAF02C462405 /* VoicePillWindow.swift in Sources */,
			);
			runOnlyForDeploymentPostprocessing = 0;
		};
/* End PBXSourcesBuildPhase section */

/* Begin PBXTargetDependency section */
		D068078457DB232B55E2AB55 /* PBXTargetDependency */ = {
			isa = PBXTargetDependency;
			target = 5BDBEE461C59973503B6306C /* DejaRecorder */;
			targetProxy = A7ED408F4E93E70767C41D61 /* PBXContainerItemProxy */;
		};
/* End PBXTargetDependency section */

/* Begin XCBuildConfiguration section */
		332481EC90D28B95B104226F /* Debug */ = {
			isa = XCBuildConfiguration;
			buildSettings = {
				ALWAYS_SEARCH_USER_PATHS = NO;
				CLANG_ANALYZER_NONNULL = YES;
				CLANG_ANALYZER_NUMBER_OBJECT_CONVERSION = YES_AGGRESSIVE;
				CLANG_CXX_LANGUAGE_STANDARD = "gnu++14";
				CLANG_CXX_LIBRARY = "libc++";
				CLANG_ENABLE_MODULES = YES;
				CLANG_ENABLE_OBJC_ARC = YES;
				CLANG_ENABLE_OBJC_WEAK = YES;
				CLANG_WARN_BLOCK_CAPTURE_AUTORELEASING = YES;
				CLANG_WARN_BOOL_CONVERSION = YES;
				CLANG_WARN_COMMA = YES;
				CLANG_WARN_CONSTANT_CONVERSION = YES;
				CLANG_WARN_DEPRECATED_OBJC_IMPLEMENTATIONS = YES;
				CLANG_WARN_DIRECT_OBJC_ISA_USAGE = YES_ERROR;
				CLANG_WARN_DOCUMENTATION_COMMENTS = YES;
				CLANG_WARN_EMPTY_BODY = YES;
				CLANG_WARN_ENUM_CONVERSION = YES;
				CLANG_WARN_INFINITE_RECURSION = YES;
				CLANG_WARN_INT_CONVERSION = YES;
				CLANG_WARN_NON_LITERAL_NULL_CONVERSION = YES;
				CLANG_WARN_OBJC_IMPLICIT_RETAIN_SELF = YES;
				CLANG_WARN_OBJC_LITERAL_CONVERSION = YES;
				CLANG_WARN_OBJC_ROOT_CLASS = YES_ERROR;
				CLANG_WARN_QUOTED_INCLUDE_IN_FRAMEWORK_HEADER = YES;
				CLANG_WARN_RANGE_LOOP_ANALYSIS = YES;
				CLANG_WARN_STRICT_PROTOTYPES = YES;
				CLANG_WARN_SUSPICIOUS_MOVE = YES;
				CLANG_WARN_UNGUARDED_AVAILABILITY = YES_AGGRESSIVE;
				CLANG_WARN_UNREACHABLE_CODE = YES;
				CLANG_WARN__DUPLICATE_METHOD_MATCH = YES;
				COPY_PHASE_STRIP = NO;
				DEBUG_INFORMATION_FORMAT = dwarf;
				ENABLE_STRICT_OBJC_MSGSEND = YES;
				ENABLE_TESTABILITY = YES;
				GCC_C_LANGUAGE_STANDARD = gnu11;
				GCC_DYNAMIC_NO_PIC = NO;
				GCC_NO_COMMON_BLOCKS = YES;
				GCC_OPTIMIZATION_LEVEL = 0;
				GCC_PREPROCESSOR_DEFINITIONS = (
					"$(inherited)",
					"DEBUG=1",
				);
				GCC_WARN_64_TO_32_BIT_CONVERSION = YES;
				GCC_WARN_ABOUT_RETURN_TYPE = YES_ERROR;
				GCC_WARN_UNDECLARED_SELECTOR = YES;
				GCC_WARN_UNINITIALIZED_AUTOS = YES_AGGRESSIVE;
				GCC_WARN_UNUSED_FUNCTION = YES;
				GCC_WARN_UNUSED_VARIABLE = YES;
				MACOSX_DEPLOYMENT_TARGET = 14.0;
				MTL_ENABLE_DEBUG_INFO = INCLUDE_SOURCE;
				MTL_FAST_MATH = YES;
				ONLY_ACTIVE_ARCH = YES;
				PRODUCT_NAME = "$(TARGET_NAME)";
				SDKROOT = macosx;
				SWIFT_ACTIVE_COMPILATION_CONDITIONS = DEBUG;
				SWIFT_OPTIMIZATION_LEVEL = "-Onone";
				SWIFT_VERSION = 5.0;
			};
			name = Debug;
		};
		B279D94A0841C0BCD13D5CD0 /* Debug */ = {
			isa = XCBuildConfiguration;
			buildSettings = {
				ASSETCATALOG_COMPILER_APPICON_NAME = AppIcon;
				CODE_SIGN_ENTITLEMENTS = Deja.entitlements;
				CODE_SIGN_IDENTITY = "Deja Dev";
				CODE_SIGN_STYLE = Manual;
				COMBINE_HIDPI_IMAGES = YES;
				INFOPLIST_FILE = "Deja-Info.plist";
				INFOPLIST_KEY_LSUIElement = YES;
				LD_RUNPATH_SEARCH_PATHS = (
					"$(inherited)",
					"@executable_path/../Frameworks",
				);
				MACOSX_DEPLOYMENT_TARGET = 14.0;
				PRODUCT_BUNDLE_IDENTIFIER = com.deja.app;
				PRODUCT_NAME = Deja;
				SDKROOT = macosx;
				SWIFT_VERSION = 5.0;
			};
			name = Debug;
		};
		C51CE1B7B7B0022DD64F6807 /* Release */ = {
			isa = XCBuildConfiguration;
			buildSettings = {
				ALWAYS_SEARCH_USER_PATHS = NO;
				CLANG_ANALYZER_NONNULL = YES;
				CLANG_ANALYZER_NUMBER_OBJECT_CONVERSION = YES_AGGRESSIVE;
				CLANG_CXX_LANGUAGE_STANDARD = "gnu++14";
				CLANG_CXX_LIBRARY = "libc++";
				CLANG_ENABLE_MODULES = YES;
				CLANG_ENABLE_OBJC_ARC = YES;
				CLANG_ENABLE_OBJC_WEAK = YES;
				CLANG_WARN_BLOCK_CAPTURE_AUTORELEASING = YES;
				CLANG_WARN_BOOL_CONVERSION = YES;
				CLANG_WARN_COMMA = YES;
				CLANG_WARN_CONSTANT_CONVERSION = YES;
				CLANG_WARN_DEPRECATED_OBJC_IMPLEMENTATIONS = YES;
				CLANG_WARN_DIRECT_OBJC_ISA_USAGE = YES_ERROR;
				CLANG_WARN_DOCUMENTATION_COMMENTS = YES;
				CLANG_WARN_EMPTY_BODY = YES;
				CLANG_WARN_ENUM_CONVERSION = YES;
				CLANG_WARN_INFINITE_RECURSION = YES;
				CLANG_WARN_INT_CONVERSION = YES;
				CLANG_WARN_NON_LITERAL_NULL_CONVERSION = YES;
				CLANG_WARN_OBJC_IMPLICIT_RETAIN_SELF = YES;
				CLANG_WARN_OBJC_LITERAL_CONVERSION = YES;
				CLANG_WARN_OBJC_ROOT_CLASS = YES_ERROR;
				CLANG_WARN_QUOTED_INCLUDE_IN_FRAMEWORK_HEADER = YES;
				CLANG_WARN_RANGE_LOOP_ANALYSIS = YES;
				CLANG_WARN_STRICT_PROTOTYPES = YES;
				CLANG_WARN_SUSPICIOUS_MOVE = YES;
				CLANG_WARN_UNGUARDED_AVAILABILITY = YES_AGGRESSIVE;
				CLANG_WARN_UNREACHABLE_CODE = YES;
				CLANG_WARN__DUPLICATE_METHOD_MATCH = YES;
				COPY_PHASE_STRIP = NO;
				DEBUG_INFORMATION_FORMAT = "dwarf-with-dsym";
				ENABLE_NS_ASSERTIONS = NO;
				ENABLE_STRICT_OBJC_MSGSEND = YES;
				GCC_C_LANGUAGE_STANDARD = gnu11;
				GCC_NO_COMMON_BLOCKS = YES;
				GCC_WARN_64_TO_32_BIT_CONVERSION = YES;
				GCC_WARN_ABOUT_RETURN_TYPE = YES_ERROR;
				GCC_WARN_UNDECLARED_SELECTOR = YES;
				GCC_WARN_UNINITIALIZED_AUTOS = YES_AGGRESSIVE;
				GCC_WARN_UNUSED_FUNCTION = YES;
				GCC_WARN_UNUSED_VARIABLE = YES;
				MACOSX_DEPLOYMENT_TARGET = 14.0;
				MTL_ENABLE_DEBUG_INFO = NO;
				MTL_FAST_MATH = YES;
				PRODUCT_NAME = "$(TARGET_NAME)";
				SDKROOT = macosx;
				SWIFT_COMPILATION_MODE = wholemodule;
				SWIFT_OPTIMIZATION_LEVEL = "-O";
				SWIFT_VERSION = 5.0;
			};
			name = Release;
		};
		CE2F84609092457553288FB7 /* Release */ = {
			isa = XCBuildConfiguration;
			buildSettings = {
				ASSETCATALOG_COMPILER_APPICON_NAME = AppIcon;
				CODE_SIGN_ENTITLEMENTS = Deja.entitlements;
				CODE_SIGN_IDENTITY = "Deja Dev";
				CODE_SIGN_STYLE = Manual;
				COMBINE_HIDPI_IMAGES = YES;
				INFOPLIST_FILE = "Deja-Info.plist";
				INFOPLIST_KEY_LSUIElement = YES;
				LD_RUNPATH_SEARCH_PATHS = (
					"$(inherited)",
					"@executable_path/../Frameworks",
				);
				MACOSX_DEPLOYMENT_TARGET = 14.0;
				PRODUCT_BUNDLE_IDENTIFIER = com.deja.app;
				PRODUCT_NAME = Deja;
				SDKROOT = macosx;
				SWIFT_VERSION = 5.0;
			};
			name = Release;
		};
		D11526E993B5722572997F5F /* Release */ = {
			isa = XCBuildConfiguration;
			buildSettings = {
				CODE_SIGN_IDENTITY = "Deja Dev";
				CODE_SIGN_STYLE = Manual;
				COMBINE_HIDPI_IMAGES = YES;
				LD_RUNPATH_SEARCH_PATHS = (
					"$(inherited)",
					"@executable_path/../Frameworks",
				);
				MACOSX_DEPLOYMENT_TARGET = 14.0;
				PRODUCT_BUNDLE_IDENTIFIER = com.deja.DejaRecorder;
				PRODUCT_NAME = DejaRecorder;
				SDKROOT = macosx;
				SWIFT_VERSION = 5.0;
			};
			name = Release;
		};
		EC80CC8D02DC0F11B755204D /* Debug */ = {
			isa = XCBuildConfiguration;
			buildSettings = {
				CODE_SIGN_IDENTITY = "Deja Dev";
				CODE_SIGN_STYLE = Manual;
				COMBINE_HIDPI_IMAGES = YES;
				LD_RUNPATH_SEARCH_PATHS = (
					"$(inherited)",
					"@executable_path/../Frameworks",
				);
				MACOSX_DEPLOYMENT_TARGET = 14.0;
				PRODUCT_BUNDLE_IDENTIFIER = com.deja.DejaRecorder;
				PRODUCT_NAME = DejaRecorder;
				SDKROOT = macosx;
				SWIFT_VERSION = 5.0;
			};
			name = Debug;
		};
/* End XCBuildConfiguration section */

/* Begin XCConfigurationList section */
		2329076E0A616B92CCDEB3D1 /* Build configuration list for PBXNativeTarget "DejaRecorder" */ = {
			isa = XCConfigurationList;
			buildConfigurations = (
				EC80CC8D02DC0F11B755204D /* Debug */,
				D11526E993B5722572997F5F /* Release */,
			);
			defaultConfigurationIsVisible = 0;
			defaultConfigurationName = Debug;
		};
		263E627C99A81DDFECD1593D /* Build configuration list for PBXProject "Deja" */ = {
			isa = XCConfigurationList;
			buildConfigurations = (
				332481EC90D28B95B104226F /* Debug */,
				C51CE1B7B7B0022DD64F6807 /* Release */,
			);
			defaultConfigurationIsVisible = 0;
			defaultConfigurationName = Debug;
		};
		CB6448DDED5BB945AC5797E7 /* Build configuration list for PBXNativeTarget "Deja" */ = {
			isa = XCConfigurationList;
			buildConfigurations = (
				B279D94A0841C0BCD13D5CD0 /* Debug */,
				CE2F84609092457553288FB7 /* Release */,
			);
			defaultConfigurationIsVisible = 0;
			defaultConfigurationName = Debug;
		};
/* End XCConfigurationList section */

/* Begin XCRemoteSwiftPackageReference section */
		C9A9CCA21D6433264DCC3BDF /* XCRemoteSwiftPackageReference "Sparkle" */ = {
			isa = XCRemoteSwiftPackageReference;
			repositoryURL = "https://github.com/sparkle-project/Sparkle.git";
			requirement = {
				kind = upToNextMajorVersion;
				minimumVersion = 2.6.0;
			};
		};
/* End XCRemoteSwiftPackageReference section */

/* Begin XCSwiftPackageProductDependency section */
		6EE364908535709A817F0EBF /* Sparkle */ = {
			isa = XCSwiftPackageProductDependency;
			package = C9A9CCA21D6433264DCC3BDF /* XCRemoteSwiftPackageReference "Sparkle" */;
			productName = Sparkle;
		};
/* End XCSwiftPackageProductDependency section */
	};
	rootObject = 86140A3D25A756123167315D /* Project object */;
}
